
Microsoft Visual Studio Solution File, Format Version 12.00
# Visual Studio Version 17
VisualStudioVersion = 17.0.32112.339
MinimumVisualStudioVersion = 10.0.40219.1
Project("{FAE04EC0-301F-11D3-BF4B-00C04F79EFBC}") = "UnitTestProject1", "UnitTestProject1\UnitTestProject1.csproj", "{6269589D-810D-4E20-947A-55896E60042B}"
EndProject
Global
	GlobalSection(SolutionConfigurationPlatforms) = preSolution
		Debug|Any CPU = Debug|Any CPU
		Release|Any CPU = Release|Any CPU
	EndGlobalSection
	GlobalSection(ProjectConfigurationPlatforms) = postSolution
		{6269589D-810D-4E20-947A-55896E60042B}.Debug|Any CPU.ActiveCfg = Debug|Any CPU
		{6269589D-810D-4E20-947A-55896E60042B}.Debug|Any CPU.Build.0 = Debug|Any CPU
		{6269589D-810D-4E20-947A-55896E60042B}.Release|Any CPU.ActiveCfg = Release|Any CPU
		{6269589D-810D-4E20-947A-55896E60042B}.Release|Any CPU.Build.0 = Release|Any CPU
	EndGlobalSection
	GlobalSection(SolutionProperties) = preSolution
		HideSolutionNode = FALSE
	EndGlobalSection
	GlobalSection(ExtensibilityGlobals) = postSolution
		SolutionGuid = {A3997195-DBCA-48B0-993B-1E03873A7E67}
	EndGlobalSection
EndGlobal
